lockfileVersion: '9.0'

settings:
  autoInstallPeers: true
  excludeLinksFromLockfile: false

importers:

  .:
    dependencies:
      react:
        specifier: ^19.2.4
        version: 19.2.4
      tailwindcss:
        specifier: ^4.2.0
        version: 4.2.0

packages:

  react@19.2.4:
    resolution: {integrity: sha512-9nfp2hYpCwOjAN+8TZFGhtWEwgvWHXqESH8qT89AT/lWklpLON22Lc8pEtnpsZz7VmawabSU0gCjnj8aC0euHQ==}
    engines: {node: '>=0.10.0'}

  tailwindcss@4.2.0:
    resolution: {integrity: sha512-yYzTZ4++b7fNYxFfpnberEEKu43w44aqDMNM9MHMmcKuCH7lL8jJ4yJ7LGHv7rSwiqM0nkiobF9I6cLlpS2P7Q==}

snapshots:

  react@19.2.4: {}

  tailwindcss@4.2.0: {}
